
Microsoft Visual Studio Solution File, Format Version 12.00
# Visual Studio Version 17
VisualStudioVersion = 17.3.32901.215
MinimumVisualStudioVersion = 10.0.40219.1
Project("{FAE04EC0-301F-11D3-BF4B-00C04F79EFBC}") = "BingoProject", "BingoProject.csproj", "{630EDAB1-746C-40DD-8C1A-9A2B7AF0CFF2}"
EndProject
Global
	GlobalSection(SolutionConfigurationPlatforms) = preSolution
		Debug|Any CPU = Debug|Any CPU
		Release|Any CPU = Release|Any CPU
	EndGlobalSection
	GlobalSection(ProjectConfigurationPlatforms) = postSolution
		{630EDAB1-746C-40DD-8C1A-9A2B7AF0CFF2}.Debug|Any CPU.ActiveCfg = Debug|Any CPU
		{630EDAB1-746C-40DD-8C1A-9A2B7AF0CFF2}.Debug|Any CPU.Build.0 = Debug|Any CPU
		{630EDAB1-746C-40DD-8C1A-9A2B7AF0CFF2}.Release|Any CPU.ActiveCfg = Release|Any CPU
		{630EDAB1-746C-40DD-8C1A-9A2B7AF0CFF2}.Release|Any CPU.Build.0 = Release|Any CPU
	EndGlobalSection
	GlobalSection(SolutionProperties) = preSolution
		HideSolutionNode = FALSE
	EndGlobalSection
	GlobalSection(ExtensibilityGlobals) = postSolution
		SolutionGuid = {87A40FBD-A5E9-49E8-8B3F-7726D8B493E7}
	EndGlobalSection
EndGlobal
